
Microsoft Visual Studio Solution File, Format Version 12.00
# Visual Studio Version 17
VisualStudioVersion = 17.9.34728.123
MinimumVisualStudioVersion = 10.0.40219.1
Project("{FAE04EC0-301F-11D3-BF4B-00C04F79EFBC}") = "SimpleConnector", "SimpleConnector\SimpleConnector.csproj", "{BB82982B-A0CD-49FA-9F71-0D07DFF77995}"
EndProject
Global
	GlobalSection(SolutionConfigurationPlatforms) = preSolution
		Debug|Any CPU = Debug|Any CPU
		Release|Any CPU = Release|Any CPU
	EndGlobalSection
	GlobalSection(ProjectConfigurationPlatforms) = postSolution
		{BB82982B-A0CD-49FA-9F71-0D07DFF77995}.Debug|Any CPU.ActiveCfg = Debug|Any CPU
		{BB82982B-A0CD-49FA-9F71-0D07DFF77995}.Debug|Any CPU.Build.0 = Debug|Any CPU
		{BB82982B-A0CD-49FA-9F71-0D07DFF77995}.Release|Any CPU.ActiveCfg = Release|Any CPU
		{BB82982B-A0CD-49FA-9F71-0D07DFF77995}.Release|Any CPU.Build.0 = Release|Any CPU
	EndGlobalSection
	GlobalSection(SolutionProperties) = preSolution
		HideSolutionNode = FALSE
	EndGlobalSection
	GlobalSection(ExtensibilityGlobals) = postSolution
		SolutionGuid = {41CE9118-DCAA-4BBF-9F70-25A2546F6C3C}
	EndGlobalSection
EndGlobal
